
Microsoft Visual Studio Solution File, Format Version 12.00
# Visual Studio 15
VisualStudioVersion = 15.0.28307.271
MinimumVisualStudioVersion = 10.0.40219.1
Project("{FAE04EC0-301F-11D3-BF4B-00C04F79EFBC}") = "todo_app", "todo_app\todo_app.csproj", "{281957AE-F6D1-4D82-A90A-CB4C7337C282}"
EndProject
Global
	GlobalSection(SolutionConfigurationPlatforms) = preSolution
		Debug|Any CPU = Debug|Any CPU
		Release|Any CPU = Release|Any CPU
	EndGlobalSection
	GlobalSection(ProjectConfigurationPlatforms) = postSolution
		{281957AE-F6D1-4D82-A90A-CB4C7337C282}.Debug|Any CPU.ActiveCfg = Debug|Any CPU
		{281957AE-F6D1-4D82-A90A-CB4C7337C282}.Debug|Any CPU.Build.0 = Debug|Any CPU
		{281957AE-F6D1-4D82-A90A-CB4C7337C282}.Release|Any CPU.ActiveCfg = Release|Any CPU
		{281957AE-F6D1-4D82-A90A-CB4C7337C282}.Release|Any CPU.Build.0 = Release|Any CPU
	EndGlobalSection
	GlobalSection(SolutionProperties) = preSolution
		HideSolutionNode = FALSE
	EndGlobalSection
	GlobalSection(ExtensibilityGlobals) = postSolution
		SolutionGuid = {BCB1C36B-B8DE-478B-821B-5CE91DB4739B}
	EndGlobalSection
EndGlobal
